
Microsoft Visual Studio Solution File, Format Version 12.00
# Visual Studio Version 17
VisualStudioVersion = 17.6.33723.286
MinimumVisualStudioVersion = 10.0.40219.1
Project("{9A19103F-16F7-4668-BE54-9A1E7A4F7556}") = "WebApi", "WebApi\WebApi.csproj", "{F9478906-802E-4B05-BADE-42152860BF17}"
EndProject
Project("{9A19103F-16F7-4668-BE54-9A1E7A4F7556}") = "DataAccess", "DataAccess\DataAccess.csproj", "{6C936E51-BCE5-43F3-9FE0-3F9A48FAAAF3}"
EndProject
Project("{9A19103F-16F7-4668-BE54-9A1E7A4F7556}") = "Common", "Common\Common.csproj", "{FACA6EDD-419D-45AD-A23C-A3A3E93FD8B7}"
EndProject
Project("{9A19103F-16F7-4668-BE54-9A1E7A4F7556}") = "AppControls", "AppControl\AppControls.csproj", "{B0AEB11E-5C35-41DB-8C45-31541D0E3078}"
EndProject
Project("{9A19103F-16F7-4668-BE54-9A1E7A4F7556}") = "Model", "Model\Model.csproj", "{D4080532-D077-4768-8E93-04D60E52932C}"
EndProject
Project("{2150E333-8FDC-42A3-9474-1A3956D46DE8}") = "Backend", "Backend", "{AE04809C-4498-4A16-8BAF-145C392A714A}"
EndProject
Project("{2150E333-8FDC-42A3-9474-1A3956D46DE8}") = "Frontend", "Frontend", "{B0E9E671-D9D9-45DC-8766-494C1F3A1677}"
EndProject
Project("{2150E333-8FDC-42A3-9474-1A3956D46DE8}") = "CommonData", "CommonData", "{15039B22-BF6E-4630-9242-2E2ACE7C8859}"
EndProject
Project("{2150E333-8FDC-42A3-9474-1A3956D46DE8}") = "Models", "Models", "{B8A91992-7143-4850-82A7-84533E0BAFFD}"
EndProject
Project("{9A19103F-16F7-4668-BE54-9A1E7A4F7556}") = "Client", "Client\Client.csproj", "{A54829E0-95E2-4D2C-92AB-E86831380F87}"
EndProject
Project("{9A19103F-16F7-4668-BE54-9A1E7A4F7556}") = "Service", "Service\Service.csproj", "{7C63270F-F135-418E-BA26-8983687C001F}"
EndProject
Global
	GlobalSection(SolutionConfigurationPlatforms) = preSolution
		Debug|Any CPU = Debug|Any CPU
		Release|Any CPU = Release|Any CPU
	EndGlobalSection
	GlobalSection(ProjectConfigurationPlatforms) = postSolution
		{F9478906-802E-4B05-BADE-42152860BF17}.Debug|Any CPU.ActiveCfg = Debug|Any CPU
		{F9478906-802E-4B05-BADE-42152860BF17}.Debug|Any CPU.Build.0 = Debug|Any CPU
		{F9478906-802E-4B05-BADE-42152860BF17}.Release|Any CPU.ActiveCfg = Release|Any CPU
		{F9478906-802E-4B05-BADE-42152860BF17}.Release|Any CPU.Build.0 = Release|Any CPU
		{6C936E51-BCE5-43F3-9FE0-3F9A48FAAAF3}.Debug|Any CPU.ActiveCfg = Debug|Any CPU
		{6C936E51-BCE5-43F3-9FE0-3F9A48FAAAF3}.Debug|Any CPU.Build.0 = Debug|Any CPU
		{6C936E51-BCE5-43F3-9FE0-3F9A48FAAAF3}.Release|Any CPU.ActiveCfg = Release|Any CPU
		{6C936E51-BCE5-43F3-9FE0-3F9A48FAAAF3}.Release|Any CPU.Build.0 = Release|Any CPU
		{FACA6EDD-419D-45AD-A23C-A3A3E93FD8B7}.Debug|Any CPU.ActiveCfg = Debug|Any CPU
		{FACA6EDD-419D-45AD-A23C-A3A3E93FD8B7}.Debug|Any CPU.Build.0 = Debug|Any CPU
		{FACA6EDD-419D-45AD-A23C-A3A3E93FD8B7}.Release|Any CPU.ActiveCfg = Release|Any CPU
		{FACA6EDD-419D-45AD-A23C-A3A3E93FD8B7}.Release|Any CPU.Build.0 = Release|Any CPU
		{B0AEB11E-5C35-41DB-8C45-31541D0E3078}.Debug|Any CPU.ActiveCfg = Debug|Any CPU
		{B0AEB11E-5C35-41DB-8C45-31541D0E3078}.Debug|Any CPU.Build.0 = Debug|Any CPU
		{B0AEB11E-5C35-41DB-8C45-31541D0E3078}.Release|Any CPU.ActiveCfg = Release|Any CPU
		{B0AEB11E-5C35-41DB-8C45-31541D0E3078}.Release|Any CPU.Build.0 = Release|Any CPU
		{D4080532-D077-4768-8E93-04D60E52932C}.Debug|Any CPU.ActiveCfg = Debug|Any CPU
		{D4080532-D077-4768-8E93-04D60E52932C}.Debug|Any CPU.Build.0 = Debug|Any CPU
		{D4080532-D077-4768-8E93-04D60E52932C}.Release|Any CPU.ActiveCfg = Release|Any CPU
		{D4080532-D077-4768-8E93-04D60E52932C}.Release|Any CPU.Build.0 = Release|Any CPU
		{A54829E0-95E2-4D2C-92AB-E86831380F87}.Debug|Any CPU.ActiveCfg = Debug|Any CPU
		{A54829E0-95E2-4D2C-92AB-E86831380F87}.Debug|Any CPU.Build.0 = Debug|Any CPU
		{A54829E0-95E2-4D2C-92AB-E86831380F87}.Release|Any CPU.ActiveCfg = Release|Any CPU
		{A54829E0-95E2-4D2C-92AB-E86831380F87}.Release|Any CPU.Build.0 = Release|Any CPU
		{7C63270F-F135-418E-BA26-8983687C001F}.Debug|Any CPU.ActiveCfg = Debug|Any CPU
		{7C63270F-F135-418E-BA26-8983687C001F}.Debug|Any CPU.Build.0 = Debug|Any CPU
		{7C63270F-F135-418E-BA26-8983687C001F}.Release|Any CPU.ActiveCfg = Release|Any CPU
		{7C63270F-F135-418E-BA26-8983687C001F}.Release|Any CPU.Build.0 = Release|Any CPU
	EndGlobalSection
	GlobalSection(SolutionProperties) = preSolution
		HideSolutionNode = FALSE
	EndGlobalSection
	GlobalSection(NestedProjects) = preSolution
		{F9478906-802E-4B05-BADE-42152860BF17} = {AE04809C-4498-4A16-8BAF-145C392A714A}
		{6C936E51-BCE5-43F3-9FE0-3F9A48FAAAF3} = {AE04809C-4498-4A16-8BAF-145C392A714A}
		{FACA6EDD-419D-45AD-A23C-A3A3E93FD8B7} = {15039B22-BF6E-4630-9242-2E2ACE7C8859}
		{B0AEB11E-5C35-41DB-8C45-31541D0E3078} = {B0E9E671-D9D9-45DC-8766-494C1F3A1677}
		{D4080532-D077-4768-8E93-04D60E52932C} = {B8A91992-7143-4850-82A7-84533E0BAFFD}
		{A54829E0-95E2-4D2C-92AB-E86831380F87} = {B0E9E671-D9D9-45DC-8766-494C1F3A1677}
		{7C63270F-F135-418E-BA26-8983687C001F} = {AE04809C-4498-4A16-8BAF-145C392A714A}
	EndGlobalSection
	GlobalSection(ExtensibilityGlobals) = postSolution
		SolutionGuid = {6FD1FE82-33C4-4070-ACC6-167C23820639}
	EndGlobalSection
EndGlobal
